
Microsoft Visual Studio Solution File, Format Version 12.00
# Visual Studio 14
VisualStudioVersion = 14.0.25420.1
MinimumVisualStudioVersion = 10.0.40219.1
Project("{FAE04EC0-301F-11D3-BF4B-00C04F79EFBC}") = "LazyRoommate.Droid", "LazyRoommate\LazyRoommate.Droid\LazyRoommate.Droid.csproj", "{44F684BC-1DFF-4C49-AE90-982EF006C621}"
EndProject
Project("{FAE04EC0-301F-11D3-BF4B-00C04F79EFBC}") = "LazyRoommate.iOS", "LazyRoommate\LazyRoommate.iOS\LazyRoommate.iOS.csproj", "{083C823B-086B-47C7-9EFC-4A738AF63ABA}"
EndProject
Project("{FAE04EC0-301F-11D3-BF4B-00C04F79EFBC}") = "LazyRoommate", "LazyRoommateLibrary\LazyRoommate.csproj", "{5AEB955F-DB73-4D18-956B-77B8C7F98CAB}"
EndProject
Project("{FAE04EC0-301F-11D3-BF4B-00C04F79EFBC}") = "LazyRoommate.UWP", "LazyRoommate.UWP\LazyRoommate.UWP.csproj", "{7CDCCCA1-2A08-47F9-9129-B4AE11C7B3E2}"
EndProject
Global
	GlobalSection(SolutionConfigurationPlatforms) = preSolution
		Ad-Hoc|Any CPU = Ad-Hoc|Any CPU
		Ad-Hoc|ARM = Ad-Hoc|ARM
		Ad-Hoc|iPhone = Ad-Hoc|iPhone
		Ad-Hoc|iPhoneSimulator = Ad-Hoc|iPhoneSimulator
		Ad-Hoc|x64 = Ad-Hoc|x64
		Ad-Hoc|x86 = Ad-Hoc|x86
		AppStore|Any CPU = AppStore|Any CPU
		AppStore|ARM = AppStore|ARM
		AppStore|iPhone = AppStore|iPhone
		AppStore|iPhoneSimulator = AppStore|iPhoneSimulator
		AppStore|x64 = AppStore|x64
		AppStore|x86 = AppStore|x86
		Debug|Any CPU = Debug|Any CPU
		Debug|ARM = Debug|ARM
		Debug|iPhone = Debug|iPhone
		Debug|iPhoneSimulator = Debug|iPhoneSimulator
		Debug|x64 = Debug|x64
		Debug|x86 = Debug|x86
		Release|Any CPU = Release|Any CPU
		Release|ARM = Release|ARM
		Release|iPhone = Release|iPhone
		Release|iPhoneSimulator = Release|iPhoneSimulator
		Release|x64 = Release|x64
		Release|x86 = Release|x86
	EndGlobalSection
	GlobalSection(ProjectConfigurationPlatforms) = postSolution
		{44F684BC-1DFF-4C49-AE90-982EF006C621}.Ad-Hoc|Any CPU.ActiveCfg = Release|Any CPU
		{44F684BC-1DFF-4C49-AE90-982EF006C621}.Ad-Hoc|Any CPU.Build.0 = Release|Any CPU
		{44F684BC-1DFF-4C49-AE90-982EF006C621}.Ad-Hoc|Any CPU.Deploy.0 = Release|Any CPU
		{44F684BC-1DFF-4C49-AE90-982EF006C621}.Ad-Hoc|ARM.ActiveCfg = Release|Any CPU
		{44F684BC-1DFF-4C49-AE90-982EF006C621}.Ad-Hoc|ARM.Build.0 = Release|Any CPU
		{44F684BC-1DFF-4C49-AE90-982EF006C621}.Ad-Hoc|ARM.Deploy.0 = Release|Any CPU
		{44F684BC-1DFF-4C49-AE90-982EF006C621}.Ad-Hoc|iPhone.ActiveCfg = Release|Any CPU
		{44F684BC-1DFF-4C49-AE90-982EF006C621}.Ad-Hoc|iPhone.Build.0 = Release|Any CPU
		{44F684BC-1DFF-4C49-AE90-982EF006C621}.Ad-Hoc|iPhone.Deploy.0 = Release|Any CPU
		{44F684BC-1DFF-4C49-AE90-982EF006C621}.Ad-Hoc|iPhoneSimulator.ActiveCfg = Release|Any CPU
		{44F684BC-1DFF-4C49-AE90-982EF006C621}.Ad-Hoc|iPhoneSimulator.Build.0 = Release|Any CPU
		{44F684BC-1DFF-4C49-AE90-982EF006C621}.Ad-Hoc|iPhoneSimulator.Deploy.0 = Release|Any CPU
		{44F684BC-1DFF-4C49-AE90-982EF006C621}.Ad-Hoc|x64.ActiveCfg = Release|Any CPU
		{44F684BC-1DFF-4C49-AE90-982EF006C621}.Ad-Hoc|x64.Build.0 = Release|Any CPU
		{44F684BC-1DFF-4C49-AE90-982EF006C621}.Ad-Hoc|x64.Deploy.0 = Release|Any CPU
		{44F684BC-1DFF-4C49-AE90-982EF006C621}.Ad-Hoc|x86.ActiveCfg = Release|Any CPU
		{44F684BC-1DFF-4C49-AE90-982EF006C621}.Ad-Hoc|x86.Build.0 = Release|Any CPU
		{44F684BC-1DFF-4C49-AE90-982EF006C621}.Ad-Hoc|x86.Deploy.0 = Release|Any CPU
		{44F684BC-1DFF-4C49-AE90-982EF006C621}.AppStore|Any CPU.ActiveCfg = Release|Any CPU
		{44F684BC-1DFF-4C49-AE90-982EF006C621}.AppStore|Any CPU.Build.0 = Release|Any CPU
		{44F684BC-1DFF-4C49-AE90-982EF006C621}.AppStore|Any CPU.Deploy.0 = Release|Any CPU
		{44F684BC-1DFF-4C49-AE90-982EF006C621}.AppStore|ARM.ActiveCfg = Release|Any CPU
		{44F684BC-1DFF-4C49-AE90-982EF006C621}.AppStore|ARM.Build.0 = Release|Any CPU
		{44F684BC-1DFF-4C49-AE90-982EF006C621}.AppStore|ARM.Deploy.0 = Release|Any CPU
		{44F684BC-1DFF-4C49-AE90-982EF006C621}.AppStore|iPhone.ActiveCfg = Release|Any CPU
		{44F684BC-1DFF-4C49-AE90-982EF006C621}.AppStore|iPhone.Build.0 = Release|Any CPU
		{44F684BC-1DFF-4C49-AE90-982EF006C621}.AppStore|iPhone.Deploy.0 = Release|Any CPU
		{44F684BC-1DFF-4C49-AE90-982EF006C621}.AppStore|iPhoneSimulator.ActiveCfg = Release|Any CPU
		{44F684BC-1DFF-4C49-AE90-982EF006C621}.AppStore|iPhoneSimulator.Build.0 = Release|Any CPU
		{44F684BC-1DFF-4C49-AE90-982EF006C621}.AppStore|iPhoneSimulator.Deploy.0 = Release|Any CPU
		{44F684BC-1DFF-4C49-AE90-982EF006C621}.AppStore|x64.ActiveCfg = Release|Any CPU
		{44F684BC-1DFF-4C49-AE90-982EF006C621}.AppStore|x64.Build.0 = Release|Any CPU
		{44F684BC-1DFF-4C49-AE90-982EF006C621}.AppStore|x64.Deploy.0 = Release|Any CPU
		{44F684BC-1DFF-4C49-AE90-982EF006C621}.AppStore|x86.ActiveCfg = Release|Any CPU
		{44F684BC-1DFF-4C49-AE90-982EF006C621}.AppStore|x86.Build.0 = Release|Any CPU
		{44F684BC-1DFF-4C49-AE90-982EF006C621}.AppStore|x86.Deploy.0 = Release|Any CPU
		{44F684BC-1DFF-4C49-AE90-982EF006C621}.Debug|Any CPU.ActiveCfg = Debug|Any CPU
		{44F684BC-1DFF-4C49-AE90-982EF006C621}.Debug|Any CPU.Build.0 = Debug|Any CPU
		{44F684BC-1DFF-4C49-AE90-982EF006C621}.Debug|Any CPU.Deploy.0 = Debug|Any CPU
		{44F684BC-1DFF-4C49-AE90-982EF006C621}.Debug|ARM.ActiveCfg = Debug|Any CPU
		{44F684BC-1DFF-4C49-AE90-982EF006C621}.Debug|ARM.Build.0 = Debug|Any CPU
		{44F684BC-1DFF-4C49-AE90-982EF006C621}.Debug|ARM.Deploy.0 = Debug|Any CPU
		{44F684BC-1DFF-4C49-AE90-982EF006C621}.Debug|iPhone.ActiveCfg = Debug|Any CPU
		{44F684BC-1DFF-4C49-AE90-982EF006C621}.Debug|iPhone.Build.0 = Debug|Any CPU
		{44F684BC-1DFF-4C49-AE90-982EF006C621}.Debug|iPhone.Deploy.0 = Debug|Any CPU
		{44F684BC-1DFF-4C49-AE90-982EF006C621}.Debug|iPhoneSimulator.ActiveCfg = Debug|Any CPU
		{44F684BC-1DFF-4C49-AE90-982EF006C621}.Debug|iPhoneSimulator.Build.0 = Debug|Any CPU
		{44F684BC-1DFF-4C49-AE90-982EF006C621}.Debug|iPhoneSimulator.Deploy.0 = Debug|Any CPU
		{44F684BC-1DFF-4C49-AE90-982EF006C621}.Debug|x64.ActiveCfg = Debug|Any CPU
		{44F684BC-1DFF-4C49-AE90-982EF006C621}.Debug|x64.Build.0 = Debug|Any CPU
		{44F684BC-1DFF-4C49-AE90-982EF006C621}.Debug|x64.Deploy.0 = Debug|Any CPU
		{44F684BC-1DFF-4C49-AE90-982EF006C621}.Debug|x86.ActiveCfg = Debug|Any CPU
		{44F684BC-1DFF-4C49-AE90-982EF006C621}.Debug|x86.Build.0 = Debug|Any CPU
		{44F684BC-1DFF-4C49-AE90-982EF006C621}.Debug|x86.Deploy.0 = Debug|Any CPU
		{44F684BC-1DFF-4C49-AE90-982EF006C621}.Release|Any CPU.ActiveCfg = Release|Any CPU
		{44F684BC-1DFF-4C49-AE90-982EF006C621}.Release|Any CPU.Build.0 = Release|Any CPU
		{44F684BC-1DFF-4C49-AE90-982EF006C621}.Release|Any CPU.Deploy.0 = Release|Any CPU
		{44F684BC-1DFF-4C49-AE90-982EF006C621}.Release|ARM.ActiveCfg = Release|Any CPU
		{44F684BC-1DFF-4C49-AE90-982EF006C621}.Release|ARM.Build.0 = Release|Any CPU
		{44F684BC-1DFF-4C49-AE90-982EF006C621}.Release|ARM.Deploy.0 = Release|Any CPU
		{44F684BC-1DFF-4C49-AE90-982EF006C621}.Release|iPhone.ActiveCfg = Release|Any CPU
		{44F684BC-1DFF-4C49-AE90-982EF006C621}.Release|iPhone.Build.0 = Release|Any CPU
		{44F684BC-1DFF-4C49-AE90-982EF006C621}.Release|iPhone.Deploy.0 = Release|Any CPU
		{44F684BC-1DFF-4C49-AE90-982EF006C621}.Release|iPhoneSimulator.ActiveCfg = Release|Any CPU
		{44F684BC-1DFF-4C49-AE90-982EF006C621}.Release|iPhoneSimulator.Build.0 = Release|Any CPU
		{44F684BC-1DFF-4C49-AE90-982EF006C621}.Release|iPhoneSimulator.Deploy.0 = Release|Any CPU
		{44F684BC-1DFF-4C49-AE90-982EF006C621}.Release|x64.ActiveCfg = Release|Any CPU
		{44F684BC-1DFF-4C49-AE90-982EF006C621}.Release|x64.Build.0 = Release|Any CPU
		{44F684BC-1DFF-4C49-AE90-982EF006C621}.Release|x64.Deploy.0 = Release|Any CPU
		{44F684BC-1DFF-4C49-AE90-982EF006C621}.Release|x86.ActiveCfg = Release|Any CPU
		{44F684BC-1DFF-4C49-AE90-982EF006C621}.Release|x86.Build.0 = Release|Any CPU
		{44F684BC-1DFF-4C49-AE90-982EF006C621}.Release|x86.Deploy.0 = Release|Any CPU
		{083C823B-086B-47C7-9EFC-4A738AF63ABA}.Ad-Hoc|Any CPU.ActiveCfg = Ad-Hoc|iPhone
		{083C823B-086B-47C7-9EFC-4A738AF63ABA}.Ad-Hoc|ARM.ActiveCfg = Ad-Hoc|iPhone
		{083C823B-086B-47C7-9EFC-4A738AF63ABA}.Ad-Hoc|iPhone.ActiveCfg = Ad-Hoc|iPhone
		{083C823B-086B-47C7-9EFC-4A738AF63ABA}.Ad-Hoc|iPhone.Build.0 = Ad-Hoc|iPhone
		{083C823B-086B-47C7-9EFC-4A738AF63ABA}.Ad-Hoc|iPhoneSimulator.ActiveCfg = Ad-Hoc|iPhoneSimulator
		{083C823B-086B-47C7-9EFC-4A738AF63ABA}.Ad-Hoc|iPhoneSimulator.Build.0 = Ad-Hoc|iPhoneSimulator
		{083C823B-086B-47C7-9EFC-4A738AF63ABA}.Ad-Hoc|x64.ActiveCfg = Ad-Hoc|iPhone
		{083C823B-086B-47C7-9EFC-4A738AF63ABA}.Ad-Hoc|x86.ActiveCfg = Ad-Hoc|iPhone
		{083C823B-086B-47C7-9EFC-4A738AF63ABA}.AppStore|Any CPU.ActiveCfg = AppStore|iPhone
		{083C823B-086B-47C7-9EFC-4A738AF63ABA}.AppStore|ARM.ActiveCfg = AppStore|iPhone
		{083C823B-086B-47C7-9EFC-4A738AF63ABA}.AppStore|iPhone.ActiveCfg = AppStore|iPhone
		{083C823B-086B-47C7-9EFC-4A738AF63ABA}.AppStore|iPhone.Build.0 = AppStore|iPhone
		{083C823B-086B-47C7-9EFC-4A738AF63ABA}.AppStore|iPhoneSimulator.ActiveCfg = AppStore|iPhoneSimulator
		{083C823B-086B-47C7-9EFC-4A738AF63ABA}.AppStore|iPhoneSimulator.Build.0 = AppStore|iPhoneSimulator
		{083C823B-086B-47C7-9EFC-4A738AF63ABA}.AppStore|x64.ActiveCfg = AppStore|iPhone
		{083C823B-086B-47C7-9EFC-4A738AF63ABA}.AppStore|x86.ActiveCfg = AppStore|iPhone
		{083C823B-086B-47C7-9EFC-4A738AF63ABA}.Debug|Any CPU.ActiveCfg = Debug|iPhone
		{083C823B-086B-47C7-9EFC-4A738AF63ABA}.Debug|Any CPU.Build.0 = Debug|iPhone
		{083C823B-086B-47C7-9EFC-4A738AF63ABA}.Debug|ARM.ActiveCfg = Debug|iPhone
		{083C823B-086B-47C7-9EFC-4A738AF63ABA}.Debug|iPhone.ActiveCfg = Debug|iPhone
		{083C823B-086B-47C7-9EFC-4A738AF63ABA}.Debug|iPhone.Build.0 = Debug|iPhone
		{083C823B-086B-47C7-9EFC-4A738AF63ABA}.Debug|iPhoneSimulator.ActiveCfg = Debug|iPhoneSimulator
		{083C823B-086B-47C7-9EFC-4A738AF63ABA}.Debug|iPhoneSimulator.Build.0 = Debug|iPhoneSimulator
		{083C823B-086B-47C7-9EFC-4A738AF63ABA}.Debug|x64.ActiveCfg = Debug|iPhone
		{083C823B-086B-47C7-9EFC-4A738AF63ABA}.Debug|x86.ActiveCfg = Debug|iPhone
		{083C823B-086B-47C7-9EFC-4A738AF63ABA}.Release|Any CPU.ActiveCfg = Release|iPhone
		{083C823B-086B-47C7-9EFC-4A738AF63ABA}.Release|ARM.ActiveCfg = Release|iPhone
		{083C823B-086B-47C7-9EFC-4A738AF63ABA}.Release|iPhone.ActiveCfg = Release|iPhone
		{083C823B-086B-47C7-9EFC-4A738AF63ABA}.Release|iPhone.Build.0 = Release|iPhone
		{083C823B-086B-47C7-9EFC-4A738AF63ABA}.Release|iPhoneSimulator.ActiveCfg = Release|iPhoneSimulator
		{083C823B-086B-47C7-9EFC-4A738AF63ABA}.Release|iPhoneSimulator.Build.0 = Release|iPhoneSimulator
		{083C823B-086B-47C7-9EFC-4A738AF63ABA}.Release|x64.ActiveCfg = Release|iPhone
		{083C823B-086B-47C7-9EFC-4A738AF63ABA}.Release|x86.ActiveCfg = Release|iPhone
		{5AEB955F-DB73-4D18-956B-77B8C7F98CAB}.Ad-Hoc|Any CPU.ActiveCfg = Release|Any CPU
		{5AEB955F-DB73-4D18-956B-77B8C7F98CAB}.Ad-Hoc|Any CPU.Build.0 = Release|Any CPU
		{5AEB955F-DB73-4D18-956B-77B8C7F98CAB}.Ad-Hoc|ARM.ActiveCfg = Release|Any CPU
		{5AEB955F-DB73-4D18-956B-77B8C7F98CAB}.Ad-Hoc|ARM.Build.0 = Release|Any CPU
		{5AEB955F-DB73-4D18-956B-77B8C7F98CAB}.Ad-Hoc|iPhone.ActiveCfg = Release|Any CPU
		{5AEB955F-DB73-4D18-956B-77B8C7F98CAB}.Ad-Hoc|iPhone.Build.0 = Release|Any CPU
		{5AEB955F-DB73-4D18-956B-77B8C7F98CAB}.Ad-Hoc|iPhoneSimulator.ActiveCfg = Release|Any CPU
		{5AEB955F-DB73-4D18-956B-77B8C7F98CAB}.Ad-Hoc|iPhoneSimulator.Build.0 = Release|Any CPU
		{5AEB955F-DB73-4D18-956B-77B8C7F98CAB}.Ad-Hoc|x64.ActiveCfg = Release|Any CPU
		{5AEB955F-DB73-4D18-956B-77B8C7F98CAB}.Ad-Hoc|x64.Build.0 = Release|Any CPU
		{5AEB955F-DB73-4D18-956B-77B8C7F98CAB}.Ad-Hoc|x86.ActiveCfg = Release|Any CPU
		{5AEB955F-DB73-4D18-956B-77B8C7F98CAB}.Ad-Hoc|x86.Build.0 = Release|Any CPU
		{5AEB955F-DB73-4D18-956B-77B8C7F98CAB}.AppStore|Any CPU.ActiveCfg = Release|Any CPU
		{5AEB955F-DB73-4D18-956B-77B8C7F98CAB}.AppStore|Any CPU.Build.0 = Release|Any CPU
		{5AEB955F-DB73-4D18-956B-77B8C7F98CAB}.AppStore|ARM.ActiveCfg = Release|Any CPU
		{5AEB955F-DB73-4D18-956B-77B8C7F98CAB}.AppStore|ARM.Build.0 = Release|Any CPU
		{5AEB955F-DB73-4D18-956B-77B8C7F98CAB}.AppStore|iPhone.ActiveCfg = Release|Any CPU
		{5AEB955F-DB73-4D18-956B-77B8C7F98CAB}.AppStore|iPhone.Build.0 = Release|Any CPU
		{5AEB955F-DB73-4D18-956B-77B8C7F98CAB}.AppStore|iPhoneSimulator.ActiveCfg = Release|Any CPU
		{5AEB955F-DB73-4D18-956B-77B8C7F98CAB}.AppStore|iPhoneSimulator.Build.0 = Release|Any CPU
		{5AEB955F-DB73-4D18-956B-77B8C7F98CAB}.AppStore|x64.ActiveCfg = Release|Any CPU
		{5AEB955F-DB73-4D18-956B-77B8C7F98CAB}.AppStore|x64.Build.0 = Release|Any CPU
		{5AEB955F-DB73-4D18-956B-77B8C7F98CAB}.AppStore|x86.ActiveCfg = Release|Any CPU
		{5AEB955F-DB73-4D18-956B-77B8C7F98CAB}.AppStore|x86.Build.0 = Release|Any CPU
		{5AEB955F-DB73-4D18-956B-77B8C7F98CAB}.Debug|Any CPU.ActiveCfg = Debug|Any CPU
		{5AEB955F-DB73-4D18-956B-77B8C7F98CAB}.Debug|Any CPU.Build.0 = Debug|Any CPU
		{5AEB955F-DB73-4D18-956B-77B8C7F98CAB}.Debug|ARM.ActiveCfg = Debug|Any CPU
		{5AEB955F-DB73-4D18-956B-77B8C7F98CAB}.Debug|ARM.Build.0 = Debug|Any CPU
		{5AEB955F-DB73-4D18-956B-77B8C7F98CAB}.Debug|iPhone.ActiveCfg = Debug|Any CPU
		{5AEB955F-DB73-4D18-956B-77B8C7F98CAB}.Debug|iPhone.Build.0 = Debug|Any CPU
		{5AEB955F-DB73-4D18-956B-77B8C7F98CAB}.Debug|iPhoneSimulator.ActiveCfg = Debug|Any CPU
		{5AEB955F-DB73-4D18-956B-77B8C7F98CAB}.Debug|iPhoneSimulator.Build.0 = Debug|Any CPU
		{5AEB955F-DB73-4D18-956B-77B8C7F98CAB}.Debug|x64.ActiveCfg = Debug|Any CPU
		{5AEB955F-DB73-4D18-956B-77B8C7F98CAB}.Debug|x64.Build.0 = Debug|Any CPU
		{5AEB955F-DB73-4D18-956B-77B8C7F98CAB}.Debug|x86.ActiveCfg = Debug|Any CPU
		{5AEB955F-DB73-4D18-956B-77B8C7F98CAB}.Debug|x86.Build.0 = Debug|Any CPU
		{5AEB955F-DB73-4D18-956B-77B8C7F98CAB}.Release|Any CPU.ActiveCfg = Release|Any CPU
		{5AEB955F-DB73-4D18-956B-77B8C7F98CAB}.Release|Any CPU.Build.0 = Release|Any CPU
		{5AEB955F-DB73-4D18-956B-77B8C7F98CAB}.Release|ARM.ActiveCfg = Release|Any CPU
		{5AEB955F-DB73-4D18-956B-77B8C7F98CAB}.Release|ARM.Build.0 = Release|Any CPU
		{5AEB955F-DB73-4D18-956B-77B8C7F98CAB}.Release|iPhone.ActiveCfg = Release|Any CPU
		{5AEB955F-DB73-4D18-956B-77B8C7F98CAB}.Release|iPhone.Build.0 = Release|Any CPU
		{5AEB955F-DB73-4D18-956B-77B8C7F98CAB}.Release|iPhoneSimulator.ActiveCfg = Release|Any CPU
		{5AEB955F-DB73-4D18-956B-77B8C7F98CAB}.Release|iPhoneSimulator.Build.0 = Release|Any CPU
		{5AEB955F-DB73-4D18-956B-77B8C7F98CAB}.Release|x64.ActiveCfg = Release|Any CPU
		{5AEB955F-DB73-4D18-956B-77B8C7F98CAB}.Release|x64.Build.0 = Release|Any CPU
		{5AEB955F-DB73-4D18-956B-77B8C7F98CAB}.Release|x86.ActiveCfg = Release|Any CPU
		{5AEB955F-DB73-4D18-956B-77B8C7F98CAB}.Release|x86.Build.0 = Release|Any CPU
		{7CDCCCA1-2A08-47F9-9129-B4AE11C7B3E2}.Ad-Hoc|Any CPU.ActiveCfg = Release|x64
		{7CDCCCA1-2A08-47F9-9129-B4AE11C7B3E2}.Ad-Hoc|Any CPU.Build.0 = Release|x64
		{7CDCCCA1-2A08-47F9-9129-B4AE11C7B3E2}.Ad-Hoc|Any CPU.Deploy.0 = Release|x64
		{7CDCCCA1-2A08-47F9-9129-B4AE11C7B3E2}.Ad-Hoc|ARM.ActiveCfg = Release|ARM
		{7CDCCCA1-2A08-47F9-9129-B4AE11C7B3E2}.Ad-Hoc|ARM.Build.0 = Release|ARM
		{7CDCCCA1-2A08-47F9-9129-B4AE11C7B3E2}.Ad-Hoc|ARM.Deploy.0 = Release|ARM
		{7CDCCCA1-2A08-47F9-9129-B4AE11C7B3E2}.Ad-Hoc|iPhone.ActiveCfg = Release|x64
		{7CDCCCA1-2A08-47F9-9129-B4AE11C7B3E2}.Ad-Hoc|iPhone.Build.0 = Release|x64
		{7CDCCCA1-2A08-47F9-9129-B4AE11C7B3E2}.Ad-Hoc|iPhone.Deploy.0 = Release|x64
		{7CDCCCA1-2A08-47F9-9129-B4AE11C7B3E2}.Ad-Hoc|iPhoneSimulator.ActiveCfg = Release|x64
		{7CDCCCA1-2A08-47F9-9129-B4AE11C7B3E2}.Ad-Hoc|iPhoneSimulator.Build.0 = Release|x64
		{7CDCCCA1-2A08-47F9-9129-B4AE11C7B3E2}.Ad-Hoc|iPhoneSimulator.Deploy.0 = Release|x64
		{7CDCCCA1-2A08-47F9-9129-B4AE11C7B3E2}.Ad-Hoc|x64.ActiveCfg = Release|x64
		{7CDCCCA1-2A08-47F9-9129-B4AE11C7B3E2}.Ad-Hoc|x64.Build.0 = Release|x64
		{7CDCCCA1-2A08-47F9-9129-B4AE11C7B3E2}.Ad-Hoc|x64.Deploy.0 = Release|x64
		{7CDCCCA1-2A08-47F9-9129-B4AE11C7B3E2}.Ad-Hoc|x86.ActiveCfg = Release|x86
		{7CDCCCA1-2A08-47F9-9129-B4AE11C7B3E2}.Ad-Hoc|x86.Build.0 = Release|x86
		{7CDCCCA1-2A08-47F9-9129-B4AE11C7B3E2}.Ad-Hoc|x86.Deploy.0 = Release|x86
		{7CDCCCA1-2A08-47F9-9129-B4AE11C7B3E2}.AppStore|Any CPU.ActiveCfg = Release|x64
		{7CDCCCA1-2A08-47F9-9129-B4AE11C7B3E2}.AppStore|Any CPU.Build.0 = Release|x64
		{7CDCCCA1-2A08-47F9-9129-B4AE11C7B3E2}.AppStore|Any CPU.Deploy.0 = Release|x64
		{7CDCCCA1-2A08-47F9-9129-B4AE11C7B3E2}.AppStore|ARM.ActiveCfg = Release|ARM
		{7CDCCCA1-2A08-47F9-9129-B4AE11C7B3E2}.AppStore|ARM.Build.0 = Release|ARM
		{7CDCCCA1-2A08-47F9-9129-B4AE11C7B3E2}.AppStore|ARM.Deploy.0 = Release|ARM
		{7CDCCCA1-2A08-47F9-9129-B4AE11C7B3E2}.AppStore|iPhone.ActiveCfg = Release|x64
		{7CDCCCA1-2A08-47F9-9129-B4AE11C7B3E2}.AppStore|iPhone.Build.0 = Release|x64
		{7CDCCCA1-2A08-47F9-9129-B4AE11C7B3E2}.AppStore|iPhone.Deploy.0 = Release|x64
		{7CDCCCA1-2A08-47F9-9129-B4AE11C7B3E2}.AppStore|iPhoneSimulator.ActiveCfg = Release|x64
		{7CDCCCA1-2A08-47F9-9129-B4AE11C7B3E2}.AppStore|iPhoneSimulator.Build.0 = Release|x64
		{7CDCCCA1-2A08-47F9-9129-B4AE11C7B3E2}.AppStore|iPhoneSimulator.Deploy.0 = Release|x64
		{7CDCCCA1-2A08-47F9-9129-B4AE11C7B3E2}.AppStore|x64.ActiveCfg = Release|x64
		{7CDCCCA1-2A08-47F9-9129-B4AE11C7B3E2}.AppStore|x64.Build.0 = Release|x64
		{7CDCCCA1-2A08-47F9-9129-B4AE11C7B3E2}.AppStore|x64.Deploy.0 = Release|x64
		{7CDCCCA1-2A08-47F9-9129-B4AE11C7B3E2}.AppStore|x86.ActiveCfg = Release|x86
		{7CDCCCA1-2A08-47F9-9129-B4AE11C7B3E2}.AppStore|x86.Build.0 = Release|x86
		{7CDCCCA1-2A08-47F9-9129-B4AE11C7B3E2}.AppStore|x86.Deploy.0 = Release|x86
		{7CDCCCA1-2A08-47F9-9129-B4AE11C7B3E2}.Debug|Any CPU.ActiveCfg = Debug|x86
		{7CDCCCA1-2A08-47F9-9129-B4AE11C7B3E2}.Debug|Any CPU.Build.0 = Debug|x86
		{7CDCCCA1-2A08-47F9-9129-B4AE11C7B3E2}.Debug|Any CPU.Deploy.0 = Debug|x86
		{7CDCCCA1-2A08-47F9-9129-B4AE11C7B3E2}.Debug|ARM.ActiveCfg = Debug|ARM
		{7CDCCCA1-2A08-47F9-9129-B4AE11C7B3E2}.Debug|ARM.Build.0 = Debug|ARM
		{7CDCCCA1-2A08-47F9-9129-B4AE11C7B3E2}.Debug|ARM.Deploy.0 = Debug|ARM
		{7CDCCCA1-2A08-47F9-9129-B4AE11C7B3E2}.Debug|iPhone.ActiveCfg = Debug|x86
		{7CDCCCA1-2A08-47F9-9129-B4AE11C7B3E2}.Debug|iPhoneSimulator.ActiveCfg = Debug|x86
		{7CDCCCA1-2A08-47F9-9129-B4AE11C7B3E2}.Debug|x64.ActiveCfg = Debug|x64
		{7CDCCCA1-2A08-47F9-9129-B4AE11C7B3E2}.Debug|x64.Build.0 = Debug|x64
		{7CDCCCA1-2A08-47F9-9129-B4AE11C7B3E2}.Debug|x64.Deploy.0 = Debug|x64
		{7CDCCCA1-2A08-47F9-9129-B4AE11C7B3E2}.Debug|x86.ActiveCfg = Debug|x86
		{7CDCCCA1-2A08-47F9-9129-B4AE11C7B3E2}.Debug|x86.Build.0 = Debug|x86
		{7CDCCCA1-2A08-47F9-9129-B4AE11C7B3E2}.Debug|x86.Deploy.0 = Debug|x86
		{7CDCCCA1-2A08-47F9-9129-B4AE11C7B3E2}.Release|Any CPU.ActiveCfg = Release|x86
		{7CDCCCA1-2A08-47F9-9129-B4AE11C7B3E2}.Release|Any CPU.Build.0 = Release|x86
		{7CDCCCA1-2A08-47F9-9129-B4AE11C7B3E2}.Release|Any CPU.Deploy.0 = Release|x86
		{7CDCCCA1-2A08-47F9-9129-B4AE11C7B3E2}.Release|ARM.ActiveCfg = Release|ARM
		{7CDCCCA1-2A08-47F9-9129-B4AE11C7B3E2}.Release|ARM.Build.0 = Release|ARM
		{7CDCCCA1-2A08-47F9-9129-B4AE11C7B3E2}.Release|ARM.Deploy.0 = Release|ARM
		{7CDCCCA1-2A08-47F9-9129-B4AE11C7B3E2}.Release|iPhone.ActiveCfg = Release|x86
		{7CDCCCA1-2A08-47F9-9129-B4AE11C7B3E2}.Release|iPhoneSimulator.ActiveCfg = Release|x86
		{7CDCCCA1-2A08-47F9-9129-B4AE11C7B3E2}.Release|x64.ActiveCfg = Release|x64
		{7CDCCCA1-2A08-47F9-9129-B4AE11C7B3E2}.Release|x64.Build.0 = Release|x64
		{7CDCCCA1-2A08-47F9-9129-B4AE11C7B3E2}.Release|x64.Deploy.0 = Release|x64
		{7CDCCCA1-2A08-47F9-9129-B4AE11C7B3E2}.Release|x86.ActiveCfg = Release|x86
		{7CDCCCA1-2A08-47F9-9129-B4AE11C7B3E2}.Release|x86.Build.0 = Release|x86
		{7CDCCCA1-2A08-47F9-9129-B4AE11C7B3E2}.Release|x86.Deploy.0 = Release|x86
	EndGlobalSection
	GlobalSection(SolutionProperties) = preSolution
		HideSolutionNode = FALSE
	EndGlobalSection
EndGlobal
